
Microsoft Visual Studio Solution File, Format Version 12.00
# Visual Studio Version 16
VisualStudioVersion = 16.0.30225.117
MinimumVisualStudioVersion = 10.0.40219.1
Project("{FAE04EC0-301F-11D3-BF4B-00C04F79EFBC}") = "BrokerRPC", "BrokerRPC.csproj", "{9C0FB1F7-E17D-4402-B3A1-51D3F840BD09}"
EndProject
Project("{FAE04EC0-301F-11D3-BF4B-00C04F79EFBC}") = "BusinessLayer", "..\BusinessLayer\BusinessLayer.csproj", "{087C1C33-CCF2-4553-9B88-6660581E88CA}"
EndProject
Global
	GlobalSection(SolutionConfigurationPlatforms) = preSolution
		Debug|Any CPU = Debug|Any CPU
		Release|Any CPU = Release|Any CPU
	EndGlobalSection
	GlobalSection(ProjectConfigurationPlatforms) = postSolution
		{9C0FB1F7-E17D-4402-B3A1-51D3F840BD09}.Debug|Any CPU.ActiveCfg = Debug|Any CPU
		{9C0FB1F7-E17D-4402-B3A1-51D3F840BD09}.Debug|Any CPU.Build.0 = Debug|Any CPU
		{9C0FB1F7-E17D-4402-B3A1-51D3F840BD09}.Release|Any CPU.ActiveCfg = Release|Any CPU
		{9C0FB1F7-E17D-4402-B3A1-51D3F840BD09}.Release|Any CPU.Build.0 = Release|Any CPU
		{087C1C33-CCF2-4553-9B88-6660581E88CA}.Debug|Any CPU.ActiveCfg = Debug|Any CPU
		{087C1C33-CCF2-4553-9B88-6660581E88CA}.Debug|Any CPU.Build.0 = Debug|Any CPU
		{087C1C33-CCF2-4553-9B88-6660581E88CA}.Release|Any CPU.ActiveCfg = Release|Any CPU
		{087C1C33-CCF2-4553-9B88-6660581E88CA}.Release|Any CPU.Build.0 = Release|Any CPU
	EndGlobalSection
	GlobalSection(SolutionProperties) = preSolution
		HideSolutionNode = FALSE
	EndGlobalSection
	GlobalSection(ExtensibilityGlobals) = postSolution
		SolutionGuid = {E279194B-B1A5-4ED4-89E3-EE828E9423ED}
	EndGlobalSection
EndGlobal
